
Microsoft Visual Studio Solution File, Format Version 12.00
# Visual Studio Version 17
VisualStudioVersion = 17.8.34309.116
MinimumVisualStudioVersion = 10.0.40219.1
Project("{9A19103F-16F7-4668-BE54-9A1E7A4F7556}") = "Singleton", "Singleton\Singleton.csproj", "{4AF6A4CB-F114-474E-B0E3-D44EC2F92CEA}"
EndProject
Project("{9A19103F-16F7-4668-BE54-9A1E7A4F7556}") = "FactoryMethod", "FactoryMethod\FactoryMethod.csproj", "{BA468690-E5F0-4B58-951C-C97181BBC6FE}"
EndProject
Project("{9A19103F-16F7-4668-BE54-9A1E7A4F7556}") = "AbstractFactory", "AbstractFactory\AbstractFactory.csproj", "{43354CD7-65EB-4091-A0C4-666C43EAE87C}"
EndProject
Project("{FAE04EC0-301F-11D3-BF4B-00C04F79EFBC}") = "Builder", "Builder\Builder.csproj", "{F751305A-7E10-410A-A237-3BE2999F89F3}"
EndProject
Global
	GlobalSection(SolutionConfigurationPlatforms) = preSolution
		Debug|Any CPU = Debug|Any CPU
		Release|Any CPU = Release|Any CPU
	EndGlobalSection
	GlobalSection(ProjectConfigurationPlatforms) = postSolution
		{4AF6A4CB-F114-474E-B0E3-D44EC2F92CEA}.Debug|Any CPU.ActiveCfg = Debug|Any CPU
		{4AF6A4CB-F114-474E-B0E3-D44EC2F92CEA}.Debug|Any CPU.Build.0 = Debug|Any CPU
		{4AF6A4CB-F114-474E-B0E3-D44EC2F92CEA}.Release|Any CPU.ActiveCfg = Release|Any CPU
		{4AF6A4CB-F114-474E-B0E3-D44EC2F92CEA}.Release|Any CPU.Build.0 = Release|Any CPU
		{BA468690-E5F0-4B58-951C-C97181BBC6FE}.Debug|Any CPU.ActiveCfg = Debug|Any CPU
		{BA468690-E5F0-4B58-951C-C97181BBC6FE}.Debug|Any CPU.Build.0 = Debug|Any CPU
		{BA468690-E5F0-4B58-951C-C97181BBC6FE}.Release|Any CPU.ActiveCfg = Release|Any CPU
		{BA468690-E5F0-4B58-951C-C97181BBC6FE}.Release|Any CPU.Build.0 = Release|Any CPU
		{43354CD7-65EB-4091-A0C4-666C43EAE87C}.Debug|Any CPU.ActiveCfg = Debug|Any CPU
		{43354CD7-65EB-4091-A0C4-666C43EAE87C}.Debug|Any CPU.Build.0 = Debug|Any CPU
		{43354CD7-65EB-4091-A0C4-666C43EAE87C}.Release|Any CPU.ActiveCfg = Release|Any CPU
		{43354CD7-65EB-4091-A0C4-666C43EAE87C}.Release|Any CPU.Build.0 = Release|Any CPU
		{F751305A-7E10-410A-A237-3BE2999F89F3}.Debug|Any CPU.ActiveCfg = Debug|Any CPU
		{F751305A-7E10-410A-A237-3BE2999F89F3}.Debug|Any CPU.Build.0 = Debug|Any CPU
		{F751305A-7E10-410A-A237-3BE2999F89F3}.Release|Any CPU.ActiveCfg = Release|Any CPU
		{F751305A-7E10-410A-A237-3BE2999F89F3}.Release|Any CPU.Build.0 = Release|Any CPU
	EndGlobalSection
	GlobalSection(SolutionProperties) = preSolution
		HideSolutionNode = FALSE
	EndGlobalSection
	GlobalSection(ExtensibilityGlobals) = postSolution
		SolutionGuid = {28A7CD55-AE76-4A51-A521-DFF70C0FE738}
	EndGlobalSection
EndGlobal
