
Microsoft Visual Studio Solution File, Format Version 12.00
# Visual Studio Version 17
VisualStudioVersion = 17.8.34309.116
MinimumVisualStudioVersion = 10.0.40219.1
Project("{9A19103F-16F7-4668-BE54-9A1E7A4F7556}") = "Singleton", "Singleton\Singleton.csproj", "{4AF6A4CB-F114-474E-B0E3-D44EC2F92CEA}"
EndProject
Project("{9A19103F-16F7-4668-BE54-9A1E7A4F7556}") = "FactoryMethod", "FactoryMethod\FactoryMethod.csproj", "{BA468690-E5F0-4B58-951C-C97181BBC6FE}"
EndProject
Project("{9A19103F-16F7-4668-BE54-9A1E7A4F7556}") = "AbstractFactory", "AbstractFactory\AbstractFactory.csproj", "{43354CD7-65EB-4091-A0C4-666C43EAE87C}"
EndProject
Project("{9A19103F-16F7-4668-BE54-9A1E7A4F7556}") = "Builder", "Builder\Builder.csproj", "{F751305A-7E10-410A-A237-3BE2999F89F3}"
EndProject
Project("{9A19103F-16F7-4668-BE54-9A1E7A4F7556}") = "Prototype", "Prototype\Prototype.csproj", "{C2F97468-11D3-462B-97A1-12B752525340}"
EndProject
Project("{9A19103F-16F7-4668-BE54-9A1E7A4F7556}") = "Adaptor", "Adaptor\Adaptor.csproj", "{7606F26B-8F4E-42CD-970D-CDF496C3FD05}"
EndProject
Project("{9A19103F-16F7-4668-BE54-9A1E7A4F7556}") = "Bridge", "Bridge\Bridge.csproj", "{E80F9BE2-5F4A-4675-8643-FE0A0DCC73DB}"
EndProject
Project("{9A19103F-16F7-4668-BE54-9A1E7A4F7556}") = "Decorator", "Decorator\Decorator.csproj", "{D6515C77-8A60-4CF7-9B22-7236C143274E}"
EndProject
Project("{9A19103F-16F7-4668-BE54-9A1E7A4F7556}") = "Composite", "Composite\Composite.csproj", "{FBC96A9F-D32A-41BB-9181-1BC088E3B120}"
EndProject
Project("{9A19103F-16F7-4668-BE54-9A1E7A4F7556}") = "Facade", "Facade\Facade.csproj", "{BC25A68D-E5E7-44B7-A3E7-824C83C256AA}"
EndProject
Project("{9A19103F-16F7-4668-BE54-9A1E7A4F7556}") = "Proxy", "Proxy\Proxy.csproj", "{A33DA4A9-18AA-45BF-9935-D431691A4ECA}"
EndProject
Project("{9A19103F-16F7-4668-BE54-9A1E7A4F7556}") = "Flyweight", "Flyweight\Flyweight.csproj", "{9BA03795-D416-4B64-8AE5-D0DC77AB58CC}"
EndProject
Project("{9A19103F-16F7-4668-BE54-9A1E7A4F7556}") = "TemplateMethod", "TemplateMethod\TemplateMethod.csproj", "{6935A662-0C51-4AA1-B261-E114920A07F5}"
EndProject
Project("{2150E333-8FDC-42A3-9474-1A3956D46DE8}") = "UnitTests", "UnitTests", "{43544054-E7BB-49D0-9AA6-C788C59CAACE}"
EndProject
Project("{9A19103F-16F7-4668-BE54-9A1E7A4F7556}") = "AbstractFactoryTests", "AbstractFactoryTests\AbstractFactoryTests.csproj", "{E18CC232-5B42-4DC3-857B-4009B3F308FC}"
EndProject
Project("{9A19103F-16F7-4668-BE54-9A1E7A4F7556}") = "Adapter.Tests", "Adapter.Tests\Adapter.Tests.csproj", "{298FED99-C0F2-4F59-9876-10679D8969AD}"
EndProject
Project("{9A19103F-16F7-4668-BE54-9A1E7A4F7556}") = "FactoryWithBridge", "FactoryWithBridge\FactoryWithBridge.csproj", "{B3C58891-3640-4C31-B446-EF1390786FDA}"
EndProject
Project("{9A19103F-16F7-4668-BE54-9A1E7A4F7556}") = "DecoratorPatternExample", "DecoratorPatternExample\DecoratorPatternExample.csproj", "{FF2EFD09-50CE-4D27-BA20-232645E8C091}"
EndProject
Project("{9A19103F-16F7-4668-BE54-9A1E7A4F7556}") = "TemplatePattern.Tests", "TemplatePattern.Tests\TemplatePattern.Tests.csproj", "{C0C2BFA5-DC2C-461E-9CC2-AF5A456B6D1E}"
EndProject
Project("{9A19103F-16F7-4668-BE54-9A1E7A4F7556}") = "ProxyPattern.Tests", "ProxyPattern.Tests\ProxyPattern.Tests.csproj", "{FF699FA2-010E-4C03-A56C-2CE71B54736C}"
EndProject
Project("{FAE04EC0-301F-11D3-BF4B-00C04F79EFBC}") = "Strategy", "Strategy\Strategy.csproj", "{E6A9A802-2C0C-4C6F-A5F7-109E1AFB6F5F}"
EndProject
Project("{2150E333-8FDC-42A3-9474-1A3956D46DE8}") = "Creational", "Creational", "{BC0F0AC4-1F00-4DB5-86D3-62475F331155}"
EndProject
Project("{2150E333-8FDC-42A3-9474-1A3956D46DE8}") = "Structural", "Structural", "{EA73662B-532F-43CE-95DD-33327D8C4289}"
EndProject
Project("{2150E333-8FDC-42A3-9474-1A3956D46DE8}") = "Behavioral", "Behavioral", "{15A770DB-5EE1-4AB2-B078-A0F8125D51BA}"
EndProject
Global
	GlobalSection(SolutionConfigurationPlatforms) = preSolution
		Debug|Any CPU = Debug|Any CPU
		Release|Any CPU = Release|Any CPU
	EndGlobalSection
	GlobalSection(ProjectConfigurationPlatforms) = postSolution
		{4AF6A4CB-F114-474E-B0E3-D44EC2F92CEA}.Debug|Any CPU.ActiveCfg = Debug|Any CPU
		{4AF6A4CB-F114-474E-B0E3-D44EC2F92CEA}.Debug|Any CPU.Build.0 = Debug|Any CPU
		{4AF6A4CB-F114-474E-B0E3-D44EC2F92CEA}.Release|Any CPU.ActiveCfg = Release|Any CPU
		{4AF6A4CB-F114-474E-B0E3-D44EC2F92CEA}.Release|Any CPU.Build.0 = Release|Any CPU
		{BA468690-E5F0-4B58-951C-C97181BBC6FE}.Debug|Any CPU.ActiveCfg = Debug|Any CPU
		{BA468690-E5F0-4B58-951C-C97181BBC6FE}.Debug|Any CPU.Build.0 = Debug|Any CPU
		{BA468690-E5F0-4B58-951C-C97181BBC6FE}.Release|Any CPU.ActiveCfg = Release|Any CPU
		{BA468690-E5F0-4B58-951C-C97181BBC6FE}.Release|Any CPU.Build.0 = Release|Any CPU
		{43354CD7-65EB-4091-A0C4-666C43EAE87C}.Debug|Any CPU.ActiveCfg = Debug|Any CPU
		{43354CD7-65EB-4091-A0C4-666C43EAE87C}.Debug|Any CPU.Build.0 = Debug|Any CPU
		{43354CD7-65EB-4091-A0C4-666C43EAE87C}.Release|Any CPU.ActiveCfg = Release|Any CPU
		{43354CD7-65EB-4091-A0C4-666C43EAE87C}.Release|Any CPU.Build.0 = Release|Any CPU
		{F751305A-7E10-410A-A237-3BE2999F89F3}.Debug|Any CPU.ActiveCfg = Debug|Any CPU
		{F751305A-7E10-410A-A237-3BE2999F89F3}.Debug|Any CPU.Build.0 = Debug|Any CPU
		{F751305A-7E10-410A-A237-3BE2999F89F3}.Release|Any CPU.ActiveCfg = Release|Any CPU
		{F751305A-7E10-410A-A237-3BE2999F89F3}.Release|Any CPU.Build.0 = Release|Any CPU
		{C2F97468-11D3-462B-97A1-12B752525340}.Debug|Any CPU.ActiveCfg = Debug|Any CPU
		{C2F97468-11D3-462B-97A1-12B752525340}.Debug|Any CPU.Build.0 = Debug|Any CPU
		{C2F97468-11D3-462B-97A1-12B752525340}.Release|Any CPU.ActiveCfg = Release|Any CPU
		{C2F97468-11D3-462B-97A1-12B752525340}.Release|Any CPU.Build.0 = Release|Any CPU
		{7606F26B-8F4E-42CD-970D-CDF496C3FD05}.Debug|Any CPU.ActiveCfg = Debug|Any CPU
		{7606F26B-8F4E-42CD-970D-CDF496C3FD05}.Debug|Any CPU.Build.0 = Debug|Any CPU
		{7606F26B-8F4E-42CD-970D-CDF496C3FD05}.Release|Any CPU.ActiveCfg = Release|Any CPU
		{7606F26B-8F4E-42CD-970D-CDF496C3FD05}.Release|Any CPU.Build.0 = Release|Any CPU
		{E80F9BE2-5F4A-4675-8643-FE0A0DCC73DB}.Debug|Any CPU.ActiveCfg = Debug|Any CPU
		{E80F9BE2-5F4A-4675-8643-FE0A0DCC73DB}.Debug|Any CPU.Build.0 = Debug|Any CPU
		{E80F9BE2-5F4A-4675-8643-FE0A0DCC73DB}.Release|Any CPU.ActiveCfg = Release|Any CPU
		{E80F9BE2-5F4A-4675-8643-FE0A0DCC73DB}.Release|Any CPU.Build.0 = Release|Any CPU
		{D6515C77-8A60-4CF7-9B22-7236C143274E}.Debug|Any CPU.ActiveCfg = Debug|Any CPU
		{D6515C77-8A60-4CF7-9B22-7236C143274E}.Debug|Any CPU.Build.0 = Debug|Any CPU
		{D6515C77-8A60-4CF7-9B22-7236C143274E}.Release|Any CPU.ActiveCfg = Release|Any CPU
		{D6515C77-8A60-4CF7-9B22-7236C143274E}.Release|Any CPU.Build.0 = Release|Any CPU
		{FBC96A9F-D32A-41BB-9181-1BC088E3B120}.Debug|Any CPU.ActiveCfg = Debug|Any CPU
		{FBC96A9F-D32A-41BB-9181-1BC088E3B120}.Debug|Any CPU.Build.0 = Debug|Any CPU
		{FBC96A9F-D32A-41BB-9181-1BC088E3B120}.Release|Any CPU.ActiveCfg = Release|Any CPU
		{FBC96A9F-D32A-41BB-9181-1BC088E3B120}.Release|Any CPU.Build.0 = Release|Any CPU
		{BC25A68D-E5E7-44B7-A3E7-824C83C256AA}.Debug|Any CPU.ActiveCfg = Debug|Any CPU
		{BC25A68D-E5E7-44B7-A3E7-824C83C256AA}.Debug|Any CPU.Build.0 = Debug|Any CPU
		{BC25A68D-E5E7-44B7-A3E7-824C83C256AA}.Release|Any CPU.ActiveCfg = Release|Any CPU
		{BC25A68D-E5E7-44B7-A3E7-824C83C256AA}.Release|Any CPU.Build.0 = Release|Any CPU
		{A33DA4A9-18AA-45BF-9935-D431691A4ECA}.Debug|Any CPU.ActiveCfg = Debug|Any CPU
		{A33DA4A9-18AA-45BF-9935-D431691A4ECA}.Debug|Any CPU.Build.0 = Debug|Any CPU
		{A33DA4A9-18AA-45BF-9935-D431691A4ECA}.Release|Any CPU.ActiveCfg = Release|Any CPU
		{A33DA4A9-18AA-45BF-9935-D431691A4ECA}.Release|Any CPU.Build.0 = Release|Any CPU
		{9BA03795-D416-4B64-8AE5-D0DC77AB58CC}.Debug|Any CPU.ActiveCfg = Debug|Any CPU
		{9BA03795-D416-4B64-8AE5-D0DC77AB58CC}.Debug|Any CPU.Build.0 = Debug|Any CPU
		{9BA03795-D416-4B64-8AE5-D0DC77AB58CC}.Release|Any CPU.ActiveCfg = Release|Any CPU
		{9BA03795-D416-4B64-8AE5-D0DC77AB58CC}.Release|Any CPU.Build.0 = Release|Any CPU
		{6935A662-0C51-4AA1-B261-E114920A07F5}.Debug|Any CPU.ActiveCfg = Debug|Any CPU
		{6935A662-0C51-4AA1-B261-E114920A07F5}.Debug|Any CPU.Build.0 = Debug|Any CPU
		{6935A662-0C51-4AA1-B261-E114920A07F5}.Release|Any CPU.ActiveCfg = Release|Any CPU
		{6935A662-0C51-4AA1-B261-E114920A07F5}.Release|Any CPU.Build.0 = Release|Any CPU
		{E18CC232-5B42-4DC3-857B-4009B3F308FC}.Debug|Any CPU.ActiveCfg = Debug|Any CPU
		{E18CC232-5B42-4DC3-857B-4009B3F308FC}.Debug|Any CPU.Build.0 = Debug|Any CPU
		{E18CC232-5B42-4DC3-857B-4009B3F308FC}.Release|Any CPU.ActiveCfg = Release|Any CPU
		{E18CC232-5B42-4DC3-857B-4009B3F308FC}.Release|Any CPU.Build.0 = Release|Any CPU
		{298FED99-C0F2-4F59-9876-10679D8969AD}.Debug|Any CPU.ActiveCfg = Debug|Any CPU
		{298FED99-C0F2-4F59-9876-10679D8969AD}.Debug|Any CPU.Build.0 = Debug|Any CPU
		{298FED99-C0F2-4F59-9876-10679D8969AD}.Release|Any CPU.ActiveCfg = Release|Any CPU
		{298FED99-C0F2-4F59-9876-10679D8969AD}.Release|Any CPU.Build.0 = Release|Any CPU
		{B3C58891-3640-4C31-B446-EF1390786FDA}.Debug|Any CPU.ActiveCfg = Debug|Any CPU
		{B3C58891-3640-4C31-B446-EF1390786FDA}.Debug|Any CPU.Build.0 = Debug|Any CPU
		{B3C58891-3640-4C31-B446-EF1390786FDA}.Release|Any CPU.ActiveCfg = Release|Any CPU
		{B3C58891-3640-4C31-B446-EF1390786FDA}.Release|Any CPU.Build.0 = Release|Any CPU
		{FF2EFD09-50CE-4D27-BA20-232645E8C091}.Debug|Any CPU.ActiveCfg = Debug|Any CPU
		{FF2EFD09-50CE-4D27-BA20-232645E8C091}.Debug|Any CPU.Build.0 = Debug|Any CPU
		{FF2EFD09-50CE-4D27-BA20-232645E8C091}.Release|Any CPU.ActiveCfg = Release|Any CPU
		{FF2EFD09-50CE-4D27-BA20-232645E8C091}.Release|Any CPU.Build.0 = Release|Any CPU
		{C0C2BFA5-DC2C-461E-9CC2-AF5A456B6D1E}.Debug|Any CPU.ActiveCfg = Debug|Any CPU
		{C0C2BFA5-DC2C-461E-9CC2-AF5A456B6D1E}.Debug|Any CPU.Build.0 = Debug|Any CPU
		{C0C2BFA5-DC2C-461E-9CC2-AF5A456B6D1E}.Release|Any CPU.ActiveCfg = Release|Any CPU
		{C0C2BFA5-DC2C-461E-9CC2-AF5A456B6D1E}.Release|Any CPU.Build.0 = Release|Any CPU
		{FF699FA2-010E-4C03-A56C-2CE71B54736C}.Debug|Any CPU.ActiveCfg = Debug|Any CPU
		{FF699FA2-010E-4C03-A56C-2CE71B54736C}.Debug|Any CPU.Build.0 = Debug|Any CPU
		{FF699FA2-010E-4C03-A56C-2CE71B54736C}.Release|Any CPU.ActiveCfg = Release|Any CPU
		{FF699FA2-010E-4C03-A56C-2CE71B54736C}.Release|Any CPU.Build.0 = Release|Any CPU
		{E6A9A802-2C0C-4C6F-A5F7-109E1AFB6F5F}.Debug|Any CPU.ActiveCfg = Debug|Any CPU
		{E6A9A802-2C0C-4C6F-A5F7-109E1AFB6F5F}.Debug|Any CPU.Build.0 = Debug|Any CPU
		{E6A9A802-2C0C-4C6F-A5F7-109E1AFB6F5F}.Release|Any CPU.ActiveCfg = Release|Any CPU
		{E6A9A802-2C0C-4C6F-A5F7-109E1AFB6F5F}.Release|Any CPU.Build.0 = Release|Any CPU
	EndGlobalSection
	GlobalSection(SolutionProperties) = preSolution
		HideSolutionNode = FALSE
	EndGlobalSection
	GlobalSection(NestedProjects) = preSolution
		{4AF6A4CB-F114-474E-B0E3-D44EC2F92CEA} = {BC0F0AC4-1F00-4DB5-86D3-62475F331155}
		{BA468690-E5F0-4B58-951C-C97181BBC6FE} = {BC0F0AC4-1F00-4DB5-86D3-62475F331155}
		{43354CD7-65EB-4091-A0C4-666C43EAE87C} = {BC0F0AC4-1F00-4DB5-86D3-62475F331155}
		{F751305A-7E10-410A-A237-3BE2999F89F3} = {BC0F0AC4-1F00-4DB5-86D3-62475F331155}
		{C2F97468-11D3-462B-97A1-12B752525340} = {BC0F0AC4-1F00-4DB5-86D3-62475F331155}
		{7606F26B-8F4E-42CD-970D-CDF496C3FD05} = {EA73662B-532F-43CE-95DD-33327D8C4289}
		{E80F9BE2-5F4A-4675-8643-FE0A0DCC73DB} = {EA73662B-532F-43CE-95DD-33327D8C4289}
		{D6515C77-8A60-4CF7-9B22-7236C143274E} = {EA73662B-532F-43CE-95DD-33327D8C4289}
		{FBC96A9F-D32A-41BB-9181-1BC088E3B120} = {EA73662B-532F-43CE-95DD-33327D8C4289}
		{BC25A68D-E5E7-44B7-A3E7-824C83C256AA} = {EA73662B-532F-43CE-95DD-33327D8C4289}
		{A33DA4A9-18AA-45BF-9935-D431691A4ECA} = {EA73662B-532F-43CE-95DD-33327D8C4289}
		{9BA03795-D416-4B64-8AE5-D0DC77AB58CC} = {EA73662B-532F-43CE-95DD-33327D8C4289}
		{6935A662-0C51-4AA1-B261-E114920A07F5} = {15A770DB-5EE1-4AB2-B078-A0F8125D51BA}
		{E18CC232-5B42-4DC3-857B-4009B3F308FC} = {43544054-E7BB-49D0-9AA6-C788C59CAACE}
		{298FED99-C0F2-4F59-9876-10679D8969AD} = {43544054-E7BB-49D0-9AA6-C788C59CAACE}
		{B3C58891-3640-4C31-B446-EF1390786FDA} = {BC0F0AC4-1F00-4DB5-86D3-62475F331155}
		{FF2EFD09-50CE-4D27-BA20-232645E8C091} = {EA73662B-532F-43CE-95DD-33327D8C4289}
		{C0C2BFA5-DC2C-461E-9CC2-AF5A456B6D1E} = {43544054-E7BB-49D0-9AA6-C788C59CAACE}
		{FF699FA2-010E-4C03-A56C-2CE71B54736C} = {43544054-E7BB-49D0-9AA6-C788C59CAACE}
		{E6A9A802-2C0C-4C6F-A5F7-109E1AFB6F5F} = {15A770DB-5EE1-4AB2-B078-A0F8125D51BA}
	EndGlobalSection
	GlobalSection(ExtensibilityGlobals) = postSolution
		SolutionGuid = {28A7CD55-AE76-4A51-A521-DFF70C0FE738}
	EndGlobalSection
EndGlobal
